
Microsoft Visual Studio Solution File, Format Version 12.00
# Visual Studio Version 17
VisualStudioVersion = 17.2.32519.379
MinimumVisualStudioVersion = 10.0.40219.1
Project("{9A19103F-16F7-4668-BE54-9A1E7A4F7556}") = "NamelessQuizness", "NamelessQuizness\NamelessQuizness.csproj", "{C9288526-5974-4997-A62F-798B88A0B702}"
EndProject
Global
	GlobalSection(SolutionConfigurationPlatforms) = preSolution
		Debug|Any CPU = Debug|Any CPU
		Release|Any CPU = Release|Any CPU
	EndGlobalSection
	GlobalSection(ProjectConfigurationPlatforms) = postSolution
		{C9288526-5974-4997-A62F-798B88A0B702}.Debug|Any CPU.ActiveCfg = Debug|Any CPU
		{C9288526-5974-4997-A62F-798B88A0B702}.Debug|Any CPU.Build.0 = Debug|Any CPU
		{C9288526-5974-4997-A62F-798B88A0B702}.Release|Any CPU.ActiveCfg = Release|Any CPU
		{C9288526-5974-4997-A62F-798B88A0B702}.Release|Any CPU.Build.0 = Release|Any CPU
	EndGlobalSection
	GlobalSection(SolutionProperties) = preSolution
		HideSolutionNode = FALSE
	EndGlobalSection
	GlobalSection(ExtensibilityGlobals) = postSolution
		SolutionGuid = {3EB7FE17-65ED-4A7F-8805-49C11B37568D}
	EndGlobalSection
EndGlobal
